
Microsoft Visual Studio Solution File, Format Version 12.00
# Visual Studio Version 17
VisualStudioVersion = 17.10.35122.118
MinimumVisualStudioVersion = 10.0.40219.1
Project("{888888A0-9F3D-457C-B088-3A5042F75D52}") = "elis-xml-converter", "elis-xml-converter\elis-xml-converter.pyproj", "{8C8FDB53-9287-4D2D-AA05-9F8F4700C26B}"
EndProject
Global
	GlobalSection(SolutionConfigurationPlatforms) = preSolution
		Debug|Any CPU = Debug|Any CPU
		Release|Any CPU = Release|Any CPU
	EndGlobalSection
	GlobalSection(ProjectConfigurationPlatforms) = postSolution
		{8C8FDB53-9287-4D2D-AA05-9F8F4700C26B}.Debug|Any CPU.ActiveCfg = Debug|Any CPU
		{8C8FDB53-9287-4D2D-AA05-9F8F4700C26B}.Release|Any CPU.ActiveCfg = Release|Any CPU
	EndGlobalSection
	GlobalSection(SolutionProperties) = preSolution
		HideSolutionNode = FALSE
	EndGlobalSection
	GlobalSection(ExtensibilityGlobals) = postSolution
		SolutionGuid = {50A19A76-9879-4E0C-AC33-3D73E0B87ECA}
	EndGlobalSection
EndGlobal
